// !$*UTF8*$!
{
	archiveVersion = 1;
	classes = {
	};
	objectVersion = 46;
	objects = {

/* Begin PBXBuildFile section */
		9A75E1A11BE9DCA00049FC84 /* main.m in Sources */ = {isa = PBXBuildFile; fileRef = 9A75E1A01BE9DCA00049FC84 /* main.m */; };
		9A75E1A41BE9DCA00049FC84 /* AppDelegate.m in Sources */ = {isa = PBXBuildFile; fileRef = 9A75E1A31BE9DCA00049FC84 /* AppDelegate.m */; };
		9A75E1A71BE9DCA00049FC84 /* ViewController.m in Sources */ = {isa = PBXBuildFile; fileRef = 9A75E1A61BE9DCA00049FC84 /* ViewController.m */; };
		9A75E1AA1BE9DCA00049FC84 /* Main.storyboard in Resources */ = {isa = PBXBuildFile; fileRef = 9A75E1A81BE9DCA00049FC84 /* Main.storyboard */; };
		9A75E1AC1BE9DCA00049FC84 /* Assets.xcassets in Resources */ = {isa = PBXBuildFile; fileRef = 9A75E1AB1BE9DCA00049FC84 /* Assets.xcassets */; };
		9A75E1AF1BE9DCA00049FC84 /* LaunchScreen.storyboard in Resources */ = {isa = PBXBuildFile; fileRef = 9A75E1AD1BE9DCA00049FC84 /* LaunchScreen.storyboard */; };
		9A75E1BA1BE9DCA00049FC84 /* CoreGraphicsDemoTests.m in Sources */ = {isa = PBXBuildFile; fileRef = 9A75E1B91BE9DCA00049FC84 /* CoreGraphicsDemoTests.m */; };
		9A75E1C51BE9DCA00049FC84 /* CoreGraphicsDemoUITests.m in Sources */ = {isa = PBXBuildFile; fileRef = 9A75E1C41BE9DCA00049FC84 /* CoreGraphicsDemoUITests.m */; };
		9AE16AC61C4DE6FA003F68A3 /* BaseDrawController.m in Sources */ = {isa = PBXBuildFile; fileRef = 9AE16ABC1C4DE6FA003F68A3 /* BaseDrawController.m */; };
		9AE16AC71C4DE6FA003F68A3 /* GraphicsManager.m in Sources */ = {isa = PBXBuildFile; fileRef = 9AE16ABF1C4DE6FA003F68A3 /* GraphicsManager.m */; };
		9AE16AC81C4DE6FA003F68A3 /* LSChartView.m in Sources */ = {isa = PBXBuildFile; fileRef = 9AE16AC31C4DE6FA003F68A3 /* LSChartView.m */; };
		9AE16AC91C4DE6FA003F68A3 /* TestView.m in Sources */ = {isa = PBXBuildFile; fileRef = 9AE16AC51C4DE6FA003F68A3 /* TestView.m */; };
		9AE16ACC1C4E25ED003F68A3 /* UIView+SDAutoLayout.m in Sources */ = {isa = PBXBuildFile; fileRef = 9AE16ACB1C4E25ED003F68A3 /* UIView+SDAutoLayout.m */; };
		9AE16ACF1C4E26AC003F68A3 /* UITableView+SDAutoTableViewCellHeight.m in Sources */ = {isa = PBXBuildFile; fileRef = 9AE16ACE1C4E26AC003F68A3 /* UITableView+SDAutoTableViewCellHeight.m */; };
		9AE16AD11C5202A8003F68A3 /* data.json in Resources */ = {isa = PBXBuildFile; fileRef = 9AE16AD01C5202A8003F68A3 /* data.json */; };
		9AE16AD31C520513003F68A3 /* data2.json in Resources */ = {isa = PBXBuildFile; fileRef = 9AE16AD21C520513003F68A3 /* data2.json */; };
		9AE16AD91C55E99F003F68A3 /* BezierView.m in Sources */ = {isa = PBXBuildFile; fileRef = 9AE16AD81C55E99F003F68A3 /* BezierView.m */; };
		9AE16ADC1C5604DD003F68A3 /* BezierManager.m in Sources */ = {isa = PBXBuildFile; fileRef = 9AE16ADB1C5604DD003F68A3 /* BezierManager.m */; };
/* End PBXBuildFile section */

/* Begin PBXContainerItemProxy section */
		9A75E1B61BE9DCA00049FC84 /* PBXContainerItemProxy */ = {
			isa = PBXContainerItemProxy;
			containerPortal = 9A75E1941BE9DCA00049FC84 /* Project object */;
			proxyType = 1;
			remoteGlobalIDString = 9A75E19B1BE9DCA00049FC84;
			remoteInfo = CoreGraphicsDemo;
		};
		9A75E1C11BE9DCA00049FC84 /* PBXContainerItemProxy */ = {
			isa = PBXContainerItemProxy;
			containerPortal = 9A75E1941BE9DCA00049FC84 /* Project object */;
			proxyType = 1;
			remoteGlobalIDString = 9A75E19B1BE9DCA00049FC84;
			remoteInfo = CoreGraphicsDemo;
		};
/* End PBXContainerItemProxy section */

/* Begin PBXFileReference section */
		9A75E19C1BE9DCA00049FC84 /* CoreGraphicsDemo.app */ = {isa = PBXFileReference; explicitFileType = wrapper.application; includeInIndex = 0; path = CoreGraphicsDemo.app; sourceTree = BUILT_PRODUCTS_DIR; };
		9A75E1A01BE9DCA00049FC84 /* main.m */ = {isa = PBXFileReference; lastKnownFileType = sourcecode.c.objc; path = main.m; sourceTree = "<group>"; };
		9A75E1A21BE9DCA00049FC84 /* AppDelegate.h */ = {isa = PBXFileReference; lastKnownFileType = sourcecode.c.h; path = AppDelegate.h; sourceTree = "<group>"; };
		9A75E1A31BE9DCA00049FC84 /* AppDelegate.m */ = {isa = PBXFileReference; lastKnownFileType = sourcecode.c.objc; path = AppDelegate.m; sourceTree = "<group>"; };
		9A75E1A51BE9DCA00049FC84 /* ViewController.h */ = {isa = PBXFileReference; lastKnownFileType = sourcecode.c.h; path = ViewController.h; sourceTree = "<group>"; };
		9A75E1A61BE9DCA00049FC84 /* ViewController.m */ = {isa = PBXFileReference; lastKnownFileType = sourcecode.c.objc; path = ViewController.m; sourceTree = "<group>"; };
		9A75E1A91BE9DCA00049FC84 /* Base */ = {isa = PBXFileReference; lastKnownFileType = file.storyboard; name = Base; path = Base.lproj/Main.storyboard; sourceTree = "<group>"; };
		9A75E1AB1BE9DCA00049FC84 /* Assets.xcassets */ = {isa = PBXFileReference; lastKnownFileType = folder.assetcatalog; path = Assets.xcassets; sourceTree = "<group>"; };
		9A75E1AE1BE9DCA00049FC84 /* Base */ = {isa = PBXFileReference; lastKnownFileType = file.storyboard; name = Base; path = Base.lproj/LaunchScreen.storyboard; sourceTree = "<group>"; };
		9A75E1B01BE9DCA00049FC84 /* Info.plist */ = {isa = PBXFileReference; lastKnownFileType = text.plist.xml; path = Info.plist; sourceTree = "<group>"; };
		9A75E1B51BE9DCA00049FC84 /* CoreGraphicsDemoTests.xctest */ = {isa = PBXFileReference; explicitFileType = wrapper.cfbundle; includeInIndex = 0; path = CoreGraphicsDemoTests.xctest; sourceTree = BUILT_PRODUCTS_DIR; };
		9A75E1B91BE9DCA00049FC84 /* CoreGraphicsDemoTests.m */ = {isa = PBXFileReference; lastKnownFileType = sourcecode.c.objc; path = CoreGraphicsDemoTests.m; sourceTree = "<group>"; };
		9A75E1BB1BE9DCA00049FC84 /* Info.plist */ = {isa = PBXFileReference; lastKnownFileType = text.plist.xml; path = Info.plist; sourceTree = "<group>"; };
		9A75E1C01BE9DCA00049FC84 /* CoreGraphicsDemoUITests.xctest */ = {isa = PBXFileReference; explicitFileType = wrapper.cfbundle; includeInIndex = 0; path = CoreGraphicsDemoUITests.xctest; sourceTree = BUILT_PRODUCTS_DIR; };
		9A75E1C41BE9DCA00049FC84 /* CoreGraphicsDemoUITests.m */ = {isa = PBXFileReference; lastKnownFileType = sourcecode.c.objc; path = CoreGraphicsDemoUITests.m; sourceTree = "<group>"; };
		9A75E1C61BE9DCA00049FC84 /* Info.plist */ = {isa = PBXFileReference; lastKnownFileType = text.plist.xml; path = Info.plist; sourceTree = "<group>"; };
		9AE16ABB1C4DE6FA003F68A3 /* BaseDrawController.h */ = {isa = PBXFileReference; fileEncoding = 4; lastKnownFileType = sourcecode.c.h; path = BaseDrawController.h; sourceTree = "<group>"; };
		9AE16ABC1C4DE6FA003F68A3 /* BaseDrawController.m */ = {isa = PBXFileReference; fileEncoding = 4; lastKnownFileType = sourcecode.c.objc; path = BaseDrawController.m; sourceTree = "<group>"; };
		9AE16ABE1C4DE6FA003F68A3 /* GraphicsManager.h */ = {isa = PBXFileReference; fileEncoding = 4; lastKnownFileType = sourcecode.c.h; path = GraphicsManager.h; sourceTree = "<group>"; };
		9AE16ABF1C4DE6FA003F68A3 /* GraphicsManager.m */ = {isa = PBXFileReference; fileEncoding = 4; lastKnownFileType = sourcecode.c.objc; path = GraphicsManager.m; sourceTree = "<group>"; };
		9AE16AC21C4DE6FA003F68A3 /* LSChartView.h */ = {isa = PBXFileReference; fileEncoding = 4; lastKnownFileType = sourcecode.c.h; path = LSChartView.h; sourceTree = "<group>"; };
		9AE16AC31C4DE6FA003F68A3 /* LSChartView.m */ = {isa = PBXFileReference; fileEncoding = 4; lastKnownFileType = sourcecode.c.objc; path = LSChartView.m; sourceTree = "<group>"; };
		9AE16AC41C4DE6FA003F68A3 /* TestView.h */ = {isa = PBXFileReference; fileEncoding = 4; lastKnownFileType = sourcecode.c.h; path = TestView.h; sourceTree = "<group>"; };
		9AE16AC51C4DE6FA003F68A3 /* TestView.m */ = {isa = PBXFileReference; fileEncoding = 4; lastKnownFileType = sourcecode.c.objc; path = TestView.m; sourceTree = "<group>"; };
		9AE16ACA1C4E25ED003F68A3 /* UIView+SDAutoLayout.h */ = {isa = PBXFileReference; fileEncoding = 4; lastKnownFileType = sourcecode.c.h; path = "UIView+SDAutoLayout.h"; sourceTree = "<group>"; };
		9AE16ACB1C4E25ED003F68A3 /* UIView+SDAutoLayout.m */ = {isa = PBXFileReference; fileEncoding = 4; lastKnownFileType = sourcecode.c.objc; path = "UIView+SDAutoLayout.m"; sourceTree = "<group>"; };
		9AE16ACD1C4E26AC003F68A3 /* UITableView+SDAutoTableViewCellHeight.h */ = {isa = PBXFileReference; fileEncoding = 4; lastKnownFileType = sourcecode.c.h; path = "UITableView+SDAutoTableViewCellHeight.h"; sourceTree = "<group>"; };
		9AE16ACE1C4E26AC003F68A3 /* UITableView+SDAutoTableViewCellHeight.m */ = {isa = PBXFileReference; fileEncoding = 4; lastKnownFileType = sourcecode.c.objc; path = "UITableView+SDAutoTableViewCellHeight.m"; sourceTree = "<group>"; };
		9AE16AD01C5202A8003F68A3 /* data.json */ = {isa = PBXFileReference; fileEncoding = 4; lastKnownFileType = text.json; path = data.json; sourceTree = "<group>"; };
		9AE16AD21C520513003F68A3 /* data2.json */ = {isa = PBXFileReference; fileEncoding = 4; lastKnownFileType = text.json; path = data2.json; sourceTree = "<group>"; };
		9AE16AD71C55E99F003F68A3 /* BezierView.h */ = {isa = PBXFileReference; fileEncoding = 4; lastKnownFileType = sourcecode.c.h; path = BezierView.h; sourceTree = "<group>"; };
		9AE16AD81C55E99F003F68A3 /* BezierView.m */ = {isa = PBXFileReference; fileEncoding = 4; lastKnownFileType = sourcecode.c.objc; path = BezierView.m; sourceTree = "<group>"; };
		9AE16ADA1C5604DD003F68A3 /* BezierManager.h */ = {isa = PBXFileReference; fileEncoding = 4; lastKnownFileType = sourcecode.c.h; path = BezierManager.h; sourceTree = "<group>"; };
		9AE16ADB1C5604DD003F68A3 /* BezierManager.m */ = {isa = PBXFileReference; fileEncoding = 4; lastKnownFileType = sourcecode.c.objc; path = BezierManager.m; sourceTree = "<group>"; };
/* End PBXFileReference section */

/* Begin PBXFrameworksBuildPhase section */
		9A75E1991BE9DCA00049FC84 /* Frameworks */ = {
			isa = PBXFrameworksBuildPhase;
			buildActionMask = 2147483647;
			files = (
			);
			runOnlyForDeploymentPostprocessing = 0;
		};
		9A75E1B21BE9DCA00049FC84 /* Frameworks */ = {
			isa = PBXFrameworksBuildPhase;
			buildActionMask = 2147483647;
			files = (
			);
			runOnlyForDeploymentPostprocessing = 0;
		};
		9A75E1BD1BE9DCA00049FC84 /* Frameworks */ = {
			isa = PBXFrameworksBuildPhase;
			buildActionMask = 2147483647;
			files = (
			);
			runOnlyForDeploymentPostprocessing = 0;
		};
/* End PBXFrameworksBuildPhase section */

/* Begin PBXGroup section */
		9A75E1931BE9DCA00049FC84 = {
			isa = PBXGroup;
			children = (
				9A75E19E1BE9DCA00049FC84 /* CoreGraphicsDemo */,
				9A75E1B81BE9DCA00049FC84 /* CoreGraphicsDemoTests */,
				9A75E1C31BE9DCA00049FC84 /* CoreGraphicsDemoUITests */,
				9A75E19D1BE9DCA00049FC84 /* Products */,
			);
			sourceTree = "<group>";
		};
		9A75E19D1BE9DCA00049FC84 /* Products */ = {
			isa = PBXGroup;
			children = (
				9A75E19C1BE9DCA00049FC84 /* CoreGraphicsDemo.app */,
				9A75E1B51BE9DCA00049FC84 /* CoreGraphicsDemoTests.xctest */,
				9A75E1C01BE9DCA00049FC84 /* CoreGraphicsDemoUITests.xctest */,
			);
			name = Products;
			sourceTree = "<group>";
		};
		9A75E19E1BE9DCA00049FC84 /* CoreGraphicsDemo */ = {
			isa = PBXGroup;
			children = (
				9AE16ABA1C4DE6FA003F68A3 /* controller */,
				9AE16ABD1C4DE6FA003F68A3 /* manager */,
				9AE16AC01C4DE6FA003F68A3 /* thirdPaty */,
				9AE16AC11C4DE6FA003F68A3 /* view */,
				9A75E1A21BE9DCA00049FC84 /* AppDelegate.h */,
				9A75E1A31BE9DCA00049FC84 /* AppDelegate.m */,
				9A75E1A51BE9DCA00049FC84 /* ViewController.h */,
				9A75E1A61BE9DCA00049FC84 /* ViewController.m */,
				9A75E1A81BE9DCA00049FC84 /* Main.storyboard */,
				9A75E1AB1BE9DCA00049FC84 /* Assets.xcassets */,
				9A75E1AD1BE9DCA00049FC84 /* LaunchScreen.storyboard */,
				9A75E1B01BE9DCA00049FC84 /* Info.plist */,
				9AE16AD01C5202A8003F68A3 /* data.json */,
				9AE16AD21C520513003F68A3 /* data2.json */,
				9A75E19F1BE9DCA00049FC84 /* Supporting Files */,
			);
			path = CoreGraphicsDemo;
			sourceTree = "<group>";
		};
		9A75E19F1BE9DCA00049FC84 /* Supporting Files */ = {
			isa = PBXGroup;
			children = (
				9A75E1A01BE9DCA00049FC84 /* main.m */,
			);
			name = "Supporting Files";
			sourceTree = "<group>";
		};
		9A75E1B81BE9DCA00049FC84 /* CoreGraphicsDemoTests */ = {
			isa = PBXGroup;
			children = (
				9A75E1B91BE9DCA00049FC84 /* CoreGraphicsDemoTests.m */,
				9A75E1BB1BE9DCA00049FC84 /* Info.plist */,
			);
			path = CoreGraphicsDemoTests;
			sourceTree = "<group>";
		};
		9A75E1C31BE9DCA00049FC84 /* CoreGraphicsDemoUITests */ = {
			isa = PBXGroup;
			children = (
				9A75E1C41BE9DCA00049FC84 /* CoreGraphicsDemoUITests.m */,
				9A75E1C61BE9DCA00049FC84 /* Info.plist */,
			);
			path = CoreGraphicsDemoUITests;
			sourceTree = "<group>";
		};
		9AE16ABA1C4DE6FA003F68A3 /* controller */ = {
			isa = PBXGroup;
			children = (
				9AE16ABB1C4DE6FA003F68A3 /* BaseDrawController.h */,
				9AE16ABC1C4DE6FA003F68A3 /* BaseDrawController.m */,
			);
			path = controller;
			sourceTree = "<group>";
		};
		9AE16ABD1C4DE6FA003F68A3 /* manager */ = {
			isa = PBXGroup;
			children = (
				9AE16ABE1C4DE6FA003F68A3 /* GraphicsManager.h */,
				9AE16ABF1C4DE6FA003F68A3 /* GraphicsManager.m */,
				9AE16ADA1C5604DD003F68A3 /* BezierManager.h */,
				9AE16ADB1C5604DD003F68A3 /* BezierManager.m */,
			);
			path = manager;
			sourceTree = "<group>";
		};
		9AE16AC01C4DE6FA003F68A3 /* thirdPaty */ = {
			isa = PBXGroup;
			children = (
				9AE16ACD1C4E26AC003F68A3 /* UITableView+SDAutoTableViewCellHeight.h */,
				9AE16ACE1C4E26AC003F68A3 /* UITableView+SDAutoTableViewCellHeight.m */,
				9AE16ACA1C4E25ED003F68A3 /* UIView+SDAutoLayout.h */,
				9AE16ACB1C4E25ED003F68A3 /* UIView+SDAutoLayout.m */,
			);
			path = thirdPaty;
			sourceTree = "<group>";
		};
		9AE16AC11C4DE6FA003F68A3 /* view */ = {
			isa = PBXGroup;
			children = (
				9AE16AC21C4DE6FA003F68A3 /* LSChartView.h */,
				9AE16AC31C4DE6FA003F68A3 /* LSChartView.m */,
				9AE16AC41C4DE6FA003F68A3 /* TestView.h */,
				9AE16AC51C4DE6FA003F68A3 /* TestView.m */,
				9AE16AD71C55E99F003F68A3 /* BezierView.h */,
				9AE16AD81C55E99F003F68A3 /* BezierView.m */,
			);
			path = view;
			sourceTree = "<group>";
		};
/* End PBXGroup section */

/* Begin PBXNativeTarget section */
		9A75E19B1BE9DCA00049FC84 /* CoreGraphicsDemo */ = {
			isa = PBXNativeTarget;
			buildConfigurationList = 9A75E1C91BE9DCA00049FC84 /* Build configuration list for PBXNativeTarget "CoreGraphicsDemo" */;
			buildPhases = (
				9A75E1981BE9DCA00049FC84 /* Sources */,
				9A75E1991BE9DCA00049FC84 /* Frameworks */,
				9A75E19A1BE9DCA00049FC84 /* Resources */,
			);
			buildRules = (
			);
			dependencies = (
			);
			name = CoreGraphicsDemo;
			productName = CoreGraphicsDemo;
			productReference = 9A75E19C1BE9DCA00049FC84 /* CoreGraphicsDemo.app */;
			productType = "com.apple.product-type.application";
		};
		9A75E1B41BE9DCA00049FC84 /* CoreGraphicsDemoTests */ = {
			isa = PBXNativeTarget;
			buildConfigurationList = 9A75E1CC1BE9DCA00049FC84 /* Build configuration list for PBXNativeTarget "CoreGraphicsDemoTests" */;
			buildPhases = (
				9A75E1B11BE9DCA00049FC84 /* Sources */,
				9A75E1B21BE9DCA00049FC84 /* Frameworks */,
				9A75E1B31BE9DCA00049FC84 /* Resources */,
			);
			buildRules = (
			);
			dependencies = (
				9A75E1B71BE9DCA00049FC84 /* PBXTargetDependency */,
			);
			name = CoreGraphicsDemoTests;
			productName = CoreGraphicsDemoTests;
			productReference = 9A75E1B51BE9DCA00049FC84 /* CoreGraphicsDemoTests.xctest */;
			productType = "com.apple.product-type.bundle.unit-test";
		};
		9A75E1BF1BE9DCA00049FC84 /* CoreGraphicsDemoUITests */ = {
			isa = PBXNativeTarget;
			buildConfigurationList = 9A75E1CF1BE9DCA00049FC84 /* Build configuration list for PBXNativeTarget "CoreGraphicsDemoUITests" */;
			buildPhases = (
				9A75E1BC1BE9DCA00049FC84 /* Sources */,
				9A75E1BD1BE9DCA00049FC84 /* Frameworks */,
				9A75E1BE1BE9DCA00049FC84 /* Resources */,
			);
			buildRules = (
			);
			dependencies = (
				9A75E1C21BE9DCA00049FC84 /* PBXTargetDependency */,
			);
			name = CoreGraphicsDemoUITests;
			productName = CoreGraphicsDemoUITests;
			productReference = 9A75E1C01BE9DCA00049FC84 /* CoreGraphicsDemoUITests.xctest */;
			productType = "com.apple.product-type.bundle.ui-testing";
		};
/* End PBXNativeTarget section */

/* Begin PBXProject section */
		9A75E1941BE9DCA00049FC84 /* Project object */ = {
			isa = PBXProject;
			attributes = {
				LastUpgradeCheck = 0700;
				ORGANIZATIONNAME = feng;
				TargetAttributes = {
					9A75E19B1BE9DCA00049FC84 = {
						CreatedOnToolsVersion = 7.0;
					};
					9A75E1B41BE9DCA00049FC84 = {
						CreatedOnToolsVersion = 7.0;
						TestTargetID = 9A75E19B1BE9DCA00049FC84;
					};
					9A75E1BF1BE9DCA00049FC84 = {
						CreatedOnToolsVersion = 7.0;
						TestTargetID = 9A75E19B1BE9DCA00049FC84;
					};
				};
			};
			buildConfigurationList = 9A75E1971BE9DCA00049FC84 /* Build configuration list for PBXProject "CoreGraphicsDemo" */;
			compatibilityVersion = "Xcode 3.2";
			developmentRegion = English;
			hasScannedForEncodings = 0;
			knownRegions = (
				en,
				Base,
			);
			mainGroup = 9A75E1931BE9DCA00049FC84;
			productRefGroup = 9A75E19D1BE9DCA00049FC84 /* Products */;
			projectDirPath = "";
			projectRoot = "";
			targets = (
				9A75E19B1BE9DCA00049FC84 /* CoreGraphicsDemo */,
				9A75E1B41BE9DCA00049FC84 /* CoreGraphicsDemoTests */,
				9A75E1BF1BE9DCA00049FC84 /* CoreGraphicsDemoUITests */,
			);
		};
/* End PBXProject section */

/* Begin PBXResourcesBuildPhase section */
		9A75E19A1BE9DCA00049FC84 /* Resources */ = {
			isa = PBXResourcesBuildPhase;
			buildActionMask = 2147483647;
			files = (
				9AE16AD11C5202A8003F68A3 /* data.json in Resources */,
				9A75E1AF1BE9DCA00049FC84 /* LaunchScreen.storyboard in Resources */,
				9A75E1AC1BE9DCA00049FC84 /* Assets.xcassets in Resources */,
				9AE16AD31C520513003F68A3 /* data2.json in Resources */,
				9A75E1AA1BE9DCA00049FC84 /* Main.storyboard in Resources */,
			);
			runOnlyForDeploymentPostprocessing = 0;
		};
		9A75E1B31BE9DCA00049FC84 /* Resources */ = {
			isa = PBXResourcesBuildPhase;
			buildActionMask = 2147483647;
			files = (
			);
			runOnlyForDeploymentPostprocessing = 0;
		};
		9A75E1BE1BE9DCA00049FC84 /* Resources */ = {
			isa = PBXResourcesBuildPhase;
			buildActionMask = 2147483647;
			files = (
			);
			runOnlyForDeploymentPostprocessing = 0;
		};
/* End PBXResourcesBuildPhase section */

/* Begin PBXSourcesBuildPhase section */
		9A75E1981BE9DCA00049FC84 /* Sources */ = {
			isa = PBXSourcesBuildPhase;
			buildActionMask = 2147483647;
			files = (
				9AE16ADC1C5604DD003F68A3 /* BezierManager.m in Sources */,
				9AE16AC91C4DE6FA003F68A3 /* TestView.m in Sources */,
				9AE16AC81C4DE6FA003F68A3 /* LSChartView.m in Sources */,
				9AE16ACC1C4E25ED003F68A3 /* UIView+SDAutoLayout.m in Sources */,
				9AE16AC61C4DE6FA003F68A3 /* BaseDrawController.m in Sources */,
				9A75E1A71BE9DCA00049FC84 /* ViewController.m in Sources */,
				9A75E1A41BE9DCA00049FC84 /* AppDelegate.m in Sources */,
				9AE16AD91C55E99F003F68A3 /* BezierView.m in Sources */,
				9AE16AC71C4DE6FA003F68A3 /* GraphicsManager.m in Sources */,
				9AE16ACF1C4E26AC003F68A3 /* UITableView+SDAutoTableViewCellHeight.m in Sources */,
				9A75E1A11BE9DCA00049FC84 /* main.m in Sources */,
			);
			runOnlyForDeploymentPostprocessing = 0;
		};
		9A75E1B11BE9DCA00049FC84 /* Sources */ = {
			isa = PBXSourcesBuildPhase;
			buildActionMask = 2147483647;
			files = (
				9A75E1BA1BE9DCA00049FC84 /* CoreGraphicsDemoTests.m in Sources */,
			);
			runOnlyForDeploymentPostprocessing = 0;
		};
		9A75E1BC1BE9DCA00049FC84 /* Sources */ = {
			isa = PBXSourcesBuildPhase;
			buildActionMask = 2147483647;
			files = (
				9A75E1C51BE9DCA00049FC84 /* CoreGraphicsDemoUITests.m in Sources */,
			);
			runOnlyForDeploymentPostprocessing = 0;
		};
/* End PBXSourcesBuildPhase section */

/* Begin PBXTargetDependency section */
		9A75E1B71BE9DCA00049FC84 /* PBXTargetDependency */ = {
			isa = PBXTargetDependency;
			target = 9A75E19B1BE9DCA00049FC84 /* CoreGraphicsDemo */;
			targetProxy = 9A75E1B61BE9DCA00049FC84 /* PBXContainerItemProxy */;
		};
		9A75E1C21BE9DCA00049FC84 /* PBXTargetDependency */ = {
			isa = PBXTargetDependency;
			target = 9A75E19B1BE9DCA00049FC84 /* CoreGraphicsDemo */;
			targetProxy = 9A75E1C11BE9DCA00049FC84 /* PBXContainerItemProxy */;
		};
/* End PBXTargetDependency section */

/* Begin PBXVariantGroup section */
		9A75E1A81BE9DCA00049FC84 /* Main.storyboard */ = {
			isa = PBXVariantGroup;
			children = (
				9A75E1A91BE9DCA00049FC84 /* Base */,
			);
			name = Main.storyboard;
			sourceTree = "<group>";
		};
		9A75E1AD1BE9DCA00049FC84 /* LaunchScreen.storyboard */ = {
			isa = PBXVariantGroup;
			children = (
				9A75E1AE1BE9DCA00049FC84 /* Base */,
			);
			name = LaunchScreen.storyboard;
			sourceTree = "<group>";
		};
/* End PBXVariantGroup section */

/* Begin XCBuildConfiguration section */
		9A75E1C71BE9DCA00049FC84 /* Debug */ = {
			isa = XCBuildConfiguration;
			buildSettings = {
				ALWAYS_SEARCH_USER_PATHS = NO;
				CLANG_CXX_LANGUAGE_STANDARD = "gnu++0x";
				CLANG_CXX_LIBRARY = "libc++";
				CLANG_ENABLE_MODULES = YES;
				CLANG_ENABLE_OBJC_ARC = YES;
				CLANG_WARN_BOOL_CONVERSION = YES;
				CLANG_WARN_CONSTANT_CONVERSION = YES;
				CLANG_WARN_DIRECT_OBJC_ISA_USAGE = YES_ERROR;
				CLANG_WARN_EMPTY_BODY = YES;
				CLANG_WARN_ENUM_CONVERSION = YES;
				CLANG_WARN_INT_CONVERSION = YES;
				CLANG_WARN_OBJC_ROOT_CLASS = YES_ERROR;
				CLANG_WARN_UNREACHABLE_CODE = YES;
				CLANG_WARN__DUPLICATE_METHOD_MATCH = YES;
				"CODE_SIGN_IDENTITY[sdk=iphoneos*]" = "iPhone Developer";
				COPY_PHASE_STRIP = NO;
				DEBUG_INFORMATION_FORMAT = dwarf;
				ENABLE_STRICT_OBJC_MSGSEND = YES;
				ENABLE_TESTABILITY = YES;
				GCC_C_LANGUAGE_STANDARD = gnu99;
				GCC_DYNAMIC_NO_PIC = NO;
				GCC_NO_COMMON_BLOCKS = YES;
				GCC_OPTIMIZATION_LEVEL = 0;
				GCC_PREPROCESSOR_DEFINITIONS = (
					"DEBUG=1",
					"$(inherited)",
				);
				GCC_WARN_64_TO_32_BIT_CONVERSION = YES;
				GCC_WARN_ABOUT_RETURN_TYPE = YES_ERROR;
				GCC_WARN_UNDECLARED_SELECTOR = YES;
				GCC_WARN_UNINITIALIZED_AUTOS = YES_AGGRESSIVE;
				GCC_WARN_UNUSED_FUNCTION = YES;
				GCC_WARN_UNUSED_VARIABLE = YES;
				IPHONEOS_DEPLOYMENT_TARGET = 9.0;
				MTL_ENABLE_DEBUG_INFO = YES;
				ONLY_ACTIVE_ARCH = YES;
				SDKROOT = iphoneos;
				TARGETED_DEVICE_FAMILY = "1,2";
			};
			name = Debug;
		};
		9A75E1C81BE9DCA00049FC84 /* Release */ = {
			isa = XCBuildConfiguration;
			buildSettings = {
				ALWAYS_SEARCH_USER_PATHS = NO;
				CLANG_CXX_LANGUAGE_STANDARD = "gnu++0x";
				CLANG_CXX_LIBRARY = "libc++";
				CLANG_ENABLE_MODULES = YES;
				CLANG_ENABLE_OBJC_ARC = YES;
				CLANG_WARN_BOOL_CONVERSION = YES;
				CLANG_WARN_CONSTANT_CONVERSION = YES;
				CLANG_WARN_DIRECT_OBJC_ISA_USAGE = YES_ERROR;
				CLANG_WARN_EMPTY_BODY = YES;
				CLANG_WARN_ENUM_CONVERSION = YES;
				CLANG_WARN_INT_CONVERSION = YES;
				CLANG_WARN_OBJC_ROOT_CLASS = YES_ERROR;
				CLANG_WARN_UNREACHABLE_CODE = YES;
				CLANG_WARN__DUPLICATE_METHOD_MATCH = YES;
				"CODE_SIGN_IDENTITY[sdk=iphoneos*]" = "iPhone Developer";
				COPY_PHASE_STRIP = NO;
				DEBUG_INFORMATION_FORMAT = "dwarf-with-dsym";
				ENABLE_NS_ASSERTIONS = NO;
				ENABLE_STRICT_OBJC_MSGSEND = YES;
				GCC_C_LANGUAGE_STANDARD = gnu99;
				GCC_NO_COMMON_BLOCKS = YES;
				GCC_WARN_64_TO_32_BIT_CONVERSION = YES;
				GCC_WARN_ABOUT_RETURN_TYPE = YES_ERROR;
				GCC_WARN_UNDECLARED_SELECTOR = YES;
				GCC_WARN_UNINITIALIZED_AUTOS = YES_AGGRESSIVE;
				GCC_WARN_UNUSED_FUNCTION = YES;
				GCC_WARN_UNUSED_VARIABLE = YES;
				IPHONEOS_DEPLOYMENT_TARGET = 9.0;
				MTL_ENABLE_DEBUG_INFO = NO;
				SDKROOT = iphoneos;
				TARGETED_DEVICE_FAMILY = "1,2";
				VALIDATE_PRODUCT = YES;
			};
			name = Release;
		};
		9A75E1CA1BE9DCA00049FC84 /* Debug */ = {
			isa = XCBuildConfiguration;
			buildSettings = {
				ASSETCATALOG_COMPILER_APPICON_NAME = AppIcon;
				INFOPLIST_FILE = CoreGraphicsDemo/Info.plist;
				LD_RUNPATH_SEARCH_PATHS = "$(inherited) @executable_path/Frameworks";
				PRODUCT_BUNDLE_IDENTIFIER = com.feng.CoreGraphicsDemo;
				PRODUCT_NAME = "$(TARGET_NAME)";
			};
			name = Debug;
		};
		9A75E1CB1BE9DCA00049FC84 /* Release */ = {
			isa = XCBuildConfiguration;
			buildSettings = {
				ASSETCATALOG_COMPILER_APPICON_NAME = AppIcon;
				INFOPLIST_FILE = CoreGraphicsDemo/Info.plist;
				LD_RUNPATH_SEARCH_PATHS = "$(inherited) @executable_path/Frameworks";
				PRODUCT_BUNDLE_IDENTIFIER = com.feng.CoreGraphicsDemo;
				PRODUCT_NAME = "$(TARGET_NAME)";
			};
			name = Release;
		};
		9A75E1CD1BE9DCA00049FC84 /* Debug */ = {
			isa = XCBuildConfiguration;
			buildSettings = {
				BUNDLE_LOADER = "$(TEST_HOST)";
				INFOPLIST_FILE = CoreGraphicsDemoTests/Info.plist;
				LD_RUNPATH_SEARCH_PATHS = "$(inherited) @executable_path/Frameworks @loader_path/Frameworks";
				PRODUCT_BUNDLE_IDENTIFIER = com.feng.CoreGraphicsDemoTests;
				PRODUCT_NAME = "$(TARGET_NAME)";
				TEST_HOST = "$(BUILT_PRODUCTS_DIR)/CoreGraphicsDemo.app/CoreGraphicsDemo";
			};
			name = Debug;
		};
		9A75E1CE1BE9DCA00049FC84 /* Release */ = {
			isa = XCBuildConfiguration;
			buildSettings = {
				BUNDLE_LOADER = "$(TEST_HOST)";
				INFOPLIST_FILE = CoreGraphicsDemoTests/Info.plist;
				LD_RUNPATH_SEARCH_PATHS = "$(inherited) @executable_path/Frameworks @loader_path/Frameworks";
				PRODUCT_BUNDLE_IDENTIFIER = com.feng.CoreGraphicsDemoTests;
				PRODUCT_NAME = "$(TARGET_NAME)";
				TEST_HOST = "$(BUILT_PRODUCTS_DIR)/CoreGraphicsDemo.app/CoreGraphicsDemo";
			};
			name = Release;
		};
		9A75E1D01BE9DCA00049FC84 /* Debug */ = {
			isa = XCBuildConfiguration;
			buildSettings = {
				INFOPLIST_FILE = CoreGraphicsDemoUITests/Info.plist;
				LD_RUNPATH_SEARCH_PATHS = "$(inherited) @executable_path/Frameworks @loader_path/Frameworks";
				PRODUCT_BUNDLE_IDENTIFIER = com.feng.CoreGraphicsDemoUITests;
				PRODUCT_NAME = "$(TARGET_NAME)";
				TEST_TARGET_NAME = CoreGraphicsDemo;
				USES_XCTRUNNER = YES;
			};
			name = Debug;
		};
		9A75E1D11BE9DCA00049FC84 /* Release */ = {
			isa = XCBuildConfiguration;
			buildSettings = {
				INFOPLIST_FILE = CoreGraphicsDemoUITests/Info.plist;
				LD_RUNPATH_SEARCH_PATHS = "$(inherited) @executable_path/Frameworks @loader_path/Frameworks";
				PRODUCT_BUNDLE_IDENTIFIER = com.feng.CoreGraphicsDemoUITests;
				PRODUCT_NAME = "$(TARGET_NAME)";
				TEST_TARGET_NAME = CoreGraphicsDemo;
				USES_XCTRUNNER = YES;
			};
			name = Release;
		};
/* End XCBuildConfiguration section */

/* Begin XCConfigurationList section */
		9A75E1971BE9DCA00049FC84 /* Build configuration list for PBXProject "CoreGraphicsDemo" */ = {
			isa = XCConfigurationList;
			buildConfigurations = (
				9A75E1C71BE9DCA00049FC84 /* Debug */,
				9A75E1C81BE9DCA00049FC84 /* Release */,
			);
			defaultConfigurationIsVisible = 0;
			defaultConfigurationName = Release;
		};
		9A75E1C91BE9DCA00049FC84 /* Build configuration list for PBXNativeTarget "CoreGraphicsDemo" */ = {
			isa = XCConfigurationList;
			buildConfigurations = (
				9A75E1CA1BE9DCA00049FC84 /* Debug */,
				9A75E1CB1BE9DCA00049FC84 /* Release */,
			);
			defaultConfigurationIsVisible = 0;
			defaultConfigurationName = Release;
		};
		9A75E1CC1BE9DCA00049FC84 /* Build configuration list for PBXNativeTarget "CoreGraphicsDemoTests" */ = {
			isa = XCConfigurationList;
			buildConfigurations = (
				9A75E1CD1BE9DCA00049FC84 /* Debug */,
				9A75E1CE1BE9DCA00049FC84 /* Release */,
			);
			defaultConfigurationIsVisible = 0;
			defaultConfigurationName = Release;
		};
		9A75E1CF1BE9DCA00049FC84 /* Build configuration list for PBXNativeTarget "CoreGraphicsDemoUITests" */ = {
			isa = XCConfigurationList;
			buildConfigurations = (
				9A75E1D01BE9DCA00049FC84 /* Debug */,
				9A75E1D11BE9DCA00049FC84 /* Release */,
			);
			defaultConfigurationIsVisible = 0;
			defaultConfigurationName = Release;
		};
/* End XCConfigurationList section */
	};
	rootObject = 9A75E1941BE9DCA00049FC84 /* Project object */;
}
